// !$*UTF8*$!
{
	archiveVersion = 1;
	classes = {
	};
	objectVersion = 56;
	objects = {

/* Begin PBXBuildFile section */
		469D900F2C0D9E1B000ABE8C /* AppDelegate.swift in Sources */ = {isa = PBXBuildFile; fileRef = 469D900E2C0D9E1B000ABE8C /* AppDelegate.swift */; };
		469D90112C0D9E1B000ABE8C /* SceneDelegate.swift in Sources */ = {isa = PBXBuildFile; fileRef = 469D90102C0D9E1B000ABE8C /* SceneDelegate.swift */; };
		469D90182C0D9E1D000ABE8C /* Assets.xcassets in Resources */ = {isa = PBXBuildFile; fileRef = 469D90172C0D9E1D000ABE8C /* Assets.xcassets */; };
		469D901B2C0D9E1D000ABE8C /* Base in Resources */ = {isa = PBXBuildFile; fileRef = 469D901A2C0D9E1D000ABE8C /* Base */; };
		469D90282C0D9FE4000ABE8C /* FirstViewController.swift in Sources */ = {isa = PBXBuildFile; fileRef = 469D90272C0D9FE4000ABE8C /* FirstViewController.swift */; };
		469D902A2C0D9FED000ABE8C /* SecondViewController.swift in Sources */ = {isa = PBXBuildFile; fileRef = 469D90292C0D9FED000ABE8C /* SecondViewController.swift */; };
		469D902C2C0DA035000ABE8C /* Colors.swift in Sources */ = {isa = PBXBuildFile; fileRef = 469D902B2C0DA035000ABE8C /* Colors.swift */; };
		469D902E2C0DA03D000ABE8C /* Fonts.swift in Sources */ = {isa = PBXBuildFile; fileRef = 469D902D2C0DA03D000ABE8C /* Fonts.swift */; };
		469D90302C0DA049000ABE8C /* MainTabController.swift in Sources */ = {isa = PBXBuildFile; fileRef = 469D902F2C0DA049000ABE8C /* MainTabController.swift */; };
		469D903B2C0DA41F000ABE8C /* Inter-SemiBold.ttf in Resources */ = {isa = PBXBuildFile; fileRef = 469D90322C0DA41F000ABE8C /* Inter-SemiBold.ttf */; };
		469D903C2C0DA41F000ABE8C /* Inter-ExtraLight.ttf in Resources */ = {isa = PBXBuildFile; fileRef = 469D90332C0DA41F000ABE8C /* Inter-ExtraLight.ttf */; };
		469D903D2C0DA41F000ABE8C /* Inter-ExtraBold.ttf in Resources */ = {isa = PBXBuildFile; fileRef = 469D90342C0DA41F000ABE8C /* Inter-ExtraBold.ttf */; };
		469D903E2C0DA41F000ABE8C /* Inter-Medium.ttf in Resources */ = {isa = PBXBuildFile; fileRef = 469D90352C0DA41F000ABE8C /* Inter-Medium.ttf */; };
		469D903F2C0DA41F000ABE8C /* Inter-Regular.ttf in Resources */ = {isa = PBXBuildFile; fileRef = 469D90362C0DA41F000ABE8C /* Inter-Regular.ttf */; };
		469D90402C0DA41F000ABE8C /* Inter-Bold.ttf in Resources */ = {isa = PBXBuildFile; fileRef = 469D90372C0DA41F000ABE8C /* Inter-Bold.ttf */; };
		469D90412C0DA41F000ABE8C /* Inter-Thin.ttf in Resources */ = {isa = PBXBuildFile; fileRef = 469D90382C0DA41F000ABE8C /* Inter-Thin.ttf */; };
		469D90422C0DA41F000ABE8C /* Inter-Light.ttf in Resources */ = {isa = PBXBuildFile; fileRef = 469D90392C0DA41F000ABE8C /* Inter-Light.ttf */; };
		469D90432C0DA41F000ABE8C /* Inter-Black.ttf in Resources */ = {isa = PBXBuildFile; fileRef = 469D903A2C0DA41F000ABE8C /* Inter-Black.ttf */; };
		469D90452C0DAC02000ABE8C /* CurrencyService.swift in Sources */ = {isa = PBXBuildFile; fileRef = 469D90442C0DAC02000ABE8C /* CurrencyService.swift */; };
		469D90472C0DAC10000ABE8C /* CurrencyModel.swift in Sources */ = {isa = PBXBuildFile; fileRef = 469D90462C0DAC10000ABE8C /* CurrencyModel.swift */; };
		CB89CC562C168B3D00105C33 /* CircularViewController.swift in Sources */ = {isa = PBXBuildFile; fileRef = CB89CC552C168B3D00105C33 /* CircularViewController.swift */; };
		CB89CC582C168BDE00105C33 /* NumericMotionView.swift in Sources */ = {isa = PBXBuildFile; fileRef = CB89CC572C168BDE00105C33 /* NumericMotionView.swift */; };
		CB89CC5A2C168F5300105C33 /* CountryCellDelicate.swift in Sources */ = {isa = PBXBuildFile; fileRef = CB89CC592C168F5300105C33 /* CountryCellDelicate.swift */; };
		CB89CC5C2C168F9F00105C33 /* CountryFlagView.swift in Sources */ = {isa = PBXBuildFile; fileRef = CB89CC5B2C168F9F00105C33 /* CountryFlagView.swift */; };
		EB320F762C0ED0BC009FF27D /* McCount.swift in Sources */ = {isa = PBXBuildFile; fileRef = EB320F752C0ED0BC009FF27D /* McCount.swift */; };
		EBC678952C12B84C0015C300 /* McRotator.swift in Sources */ = {isa = PBXBuildFile; fileRef = EBC678942C12B84C0015C300 /* McRotator.swift */; };
		EBC678972C12BAE20015C300 /* McCounter_addedSearch.swift in Sources */ = {isa = PBXBuildFile; fileRef = EBC678962C12BAE20015C300 /* McCounter_addedSearch.swift */; };
/* End PBXBuildFile section */

/* Begin PBXFileReference section */
		469D900B2C0D9E1B000ABE8C /* McCurrency.app */ = {isa = PBXFileReference; explicitFileType = wrapper.application; includeInIndex = 0; path = McCurrency.app; sourceTree = BUILT_PRODUCTS_DIR; };
		469D900E2C0D9E1B000ABE8C /* AppDelegate.swift */ = {isa = PBXFileReference; lastKnownFileType = sourcecode.swift; path = AppDelegate.swift; sourceTree = "<group>"; };
		469D90102C0D9E1B000ABE8C /* SceneDelegate.swift */ = {isa = PBXFileReference; lastKnownFileType = sourcecode.swift; path = SceneDelegate.swift; sourceTree = "<group>"; };
		469D90172C0D9E1D000ABE8C /* Assets.xcassets */ = {isa = PBXFileReference; lastKnownFileType = folder.assetcatalog; path = Assets.xcassets; sourceTree = "<group>"; };
		469D901A2C0D9E1D000ABE8C /* Base */ = {isa = PBXFileReference; lastKnownFileType = file.storyboard; name = Base; path = Base.lproj/LaunchScreen.storyboard; sourceTree = "<group>"; };
		469D901C2C0D9E1D000ABE8C /* Info.plist */ = {isa = PBXFileReference; lastKnownFileType = text.plist.xml; path = Info.plist; sourceTree = "<group>"; };
		469D90272C0D9FE4000ABE8C /* FirstViewController.swift */ = {isa = PBXFileReference; lastKnownFileType = sourcecode.swift; path = FirstViewController.swift; sourceTree = "<group>"; };
		469D90292C0D9FED000ABE8C /* SecondViewController.swift */ = {isa = PBXFileReference; lastKnownFileType = sourcecode.swift; path = SecondViewController.swift; sourceTree = "<group>"; };
		469D902B2C0DA035000ABE8C /* Colors.swift */ = {isa = PBXFileReference; lastKnownFileType = sourcecode.swift; path = Colors.swift; sourceTree = "<group>"; };
		469D902D2C0DA03D000ABE8C /* Fonts.swift */ = {isa = PBXFileReference; lastKnownFileType = sourcecode.swift; path = Fonts.swift; sourceTree = "<group>"; };
		469D902F2C0DA049000ABE8C /* MainTabController.swift */ = {isa = PBXFileReference; lastKnownFileType = sourcecode.swift; path = MainTabController.swift; sourceTree = "<group>"; };
		469D90322C0DA41F000ABE8C /* Inter-SemiBold.ttf */ = {isa = PBXFileReference; lastKnownFileType = file; path = "Inter-SemiBold.ttf"; sourceTree = "<group>"; };
		469D90332C0DA41F000ABE8C /* Inter-ExtraLight.ttf */ = {isa = PBXFileReference; lastKnownFileType = file; path = "Inter-ExtraLight.ttf"; sourceTree = "<group>"; };
		469D90342C0DA41F000ABE8C /* Inter-ExtraBold.ttf */ = {isa = PBXFileReference; lastKnownFileType = file; path = "Inter-ExtraBold.ttf"; sourceTree = "<group>"; };
		469D90352C0DA41F000ABE8C /* Inter-Medium.ttf */ = {isa = PBXFileReference; lastKnownFileType = file; path = "Inter-Medium.ttf"; sourceTree = "<group>"; };
		469D90362C0DA41F000ABE8C /* Inter-Regular.ttf */ = {isa = PBXFileReference; lastKnownFileType = file; path = "Inter-Regular.ttf"; sourceTree = "<group>"; };
		469D90372C0DA41F000ABE8C /* Inter-Bold.ttf */ = {isa = PBXFileReference; lastKnownFileType = file; path = "Inter-Bold.ttf"; sourceTree = "<group>"; };
		469D90382C0DA41F000ABE8C /* Inter-Thin.ttf */ = {isa = PBXFileReference; lastKnownFileType = file; path = "Inter-Thin.ttf"; sourceTree = "<group>"; };
		469D90392C0DA41F000ABE8C /* Inter-Light.ttf */ = {isa = PBXFileReference; lastKnownFileType = file; path = "Inter-Light.ttf"; sourceTree = "<group>"; };
		469D903A2C0DA41F000ABE8C /* Inter-Black.ttf */ = {isa = PBXFileReference; lastKnownFileType = file; path = "Inter-Black.ttf"; sourceTree = "<group>"; };
		469D90442C0DAC02000ABE8C /* CurrencyService.swift */ = {isa = PBXFileReference; lastKnownFileType = sourcecode.swift; path = CurrencyService.swift; sourceTree = "<group>"; };
		469D90462C0DAC10000ABE8C /* CurrencyModel.swift */ = {isa = PBXFileReference; lastKnownFileType = sourcecode.swift; path = CurrencyModel.swift; sourceTree = "<group>"; };
		CB89CC552C168B3D00105C33 /* CircularViewController.swift */ = {isa = PBXFileReference; lastKnownFileType = sourcecode.swift; path = CircularViewController.swift; sourceTree = "<group>"; };
		CB89CC572C168BDE00105C33 /* NumericMotionView.swift */ = {isa = PBXFileReference; lastKnownFileType = sourcecode.swift; path = NumericMotionView.swift; sourceTree = "<group>"; };
		CB89CC592C168F5300105C33 /* CountryCellDelicate.swift */ = {isa = PBXFileReference; lastKnownFileType = sourcecode.swift; path = CountryCellDelicate.swift; sourceTree = "<group>"; };
		CB89CC5B2C168F9F00105C33 /* CountryFlagView.swift */ = {isa = PBXFileReference; lastKnownFileType = sourcecode.swift; path = CountryFlagView.swift; sourceTree = "<group>"; };
		EB320F752C0ED0BC009FF27D /* McCount.swift */ = {isa = PBXFileReference; lastKnownFileType = sourcecode.swift; path = McCount.swift; sourceTree = "<group>"; };
		EBC678942C12B84C0015C300 /* McRotator.swift */ = {isa = PBXFileReference; lastKnownFileType = sourcecode.swift; path = McRotator.swift; sourceTree = "<group>"; };
		EBC678962C12BAE20015C300 /* McCounter_addedSearch.swift */ = {isa = PBXFileReference; lastKnownFileType = sourcecode.swift; path = McCounter_addedSearch.swift; sourceTree = "<group>"; };
/* End PBXFileReference section */

/* Begin PBXFrameworksBuildPhase section */
		469D90082C0D9E1B000ABE8C /* Frameworks */ = {
			isa = PBXFrameworksBuildPhase;
			buildActionMask = 2147483647;
			files = (
			);
			runOnlyForDeploymentPostprocessing = 0;
		};
/* End PBXFrameworksBuildPhase section */

/* Begin PBXGroup section */
		469D90022C0D9E1B000ABE8C = {
			isa = PBXGroup;
			children = (
				469D900D2C0D9E1B000ABE8C /* McCurrency */,
				469D900C2C0D9E1B000ABE8C /* Products */,
				CB89CC542C16887900105C33 /* Recovered References */,
			);
			sourceTree = "<group>";
		};
		469D900C2C0D9E1B000ABE8C /* Products */ = {
			isa = PBXGroup;
			children = (
				469D900B2C0D9E1B000ABE8C /* McCurrency.app */,
			);
			name = Products;
			sourceTree = "<group>";
		};
		469D900D2C0D9E1B000ABE8C /* McCurrency */ = {
			isa = PBXGroup;
			children = (
				469D90222C0D9F7E000ABE8C /* Model */,
				469D90232C0D9F84000ABE8C /* ViewController */,
				469D90252C0D9F9A000ABE8C /* Extensions */,
				469D90242C0D9F91000ABE8C /* API */,
				469D90262C0D9FA5000ABE8C /* Utilis */,
				469D901C2C0D9E1D000ABE8C /* Info.plist */,
			);
			path = McCurrency;
			sourceTree = "<group>";
		};
		469D90222C0D9F7E000ABE8C /* Model */ = {
			isa = PBXGroup;
			children = (
				469D90462C0DAC10000ABE8C /* CurrencyModel.swift */,
				EB320F752C0ED0BC009FF27D /* McCount.swift */,
			);
			path = Model;
			sourceTree = "<group>";
		};
		469D90232C0D9F84000ABE8C /* ViewController */ = {
			isa = PBXGroup;
			children = (
				469D902F2C0DA049000ABE8C /* MainTabController.swift */,
				469D90272C0D9FE4000ABE8C /* FirstViewController.swift */,
				469D90292C0D9FED000ABE8C /* SecondViewController.swift */,
				EBC678942C12B84C0015C300 /* McRotator.swift */,
				EBC678962C12BAE20015C300 /* McCounter_addedSearch.swift */,
				CB89CC5B2C168F9F00105C33 /* CountryFlagView.swift */,
			);
			path = ViewController;
			sourceTree = "<group>";
		};
		469D90242C0D9F91000ABE8C /* API */ = {
			isa = PBXGroup;
			children = (
				469D90442C0DAC02000ABE8C /* CurrencyService.swift */,
			);
			path = API;
			sourceTree = "<group>";
		};
		469D90252C0D9F9A000ABE8C /* Extensions */ = {
			isa = PBXGroup;
			children = (
				469D902B2C0DA035000ABE8C /* Colors.swift */,
				469D902D2C0DA03D000ABE8C /* Fonts.swift */,
				CB89CC572C168BDE00105C33 /* NumericMotionView.swift */,
			);
			path = Extensions;
			sourceTree = "<group>";
		};
		469D90262C0D9FA5000ABE8C /* Utilis */ = {
			isa = PBXGroup;
			children = (
				469D90312C0DA3FF000ABE8C /* Font */,
				469D90172C0D9E1D000ABE8C /* Assets.xcassets */,
				469D90192C0D9E1D000ABE8C /* LaunchScreen.storyboard */,
				469D900E2C0D9E1B000ABE8C /* AppDelegate.swift */,
				469D90102C0D9E1B000ABE8C /* SceneDelegate.swift */,
				CB89CC592C168F5300105C33 /* CountryCellDelicate.swift */,
			);
			path = Utilis;
			sourceTree = "<group>";
		};
		469D90312C0DA3FF000ABE8C /* Font */ = {
			isa = PBXGroup;
			children = (
				469D903A2C0DA41F000ABE8C /* Inter-Black.ttf */,
				469D90372C0DA41F000ABE8C /* Inter-Bold.ttf */,
				469D90342C0DA41F000ABE8C /* Inter-ExtraBold.ttf */,
				469D90332C0DA41F000ABE8C /* Inter-ExtraLight.ttf */,
				469D90392C0DA41F000ABE8C /* Inter-Light.ttf */,
				469D90352C0DA41F000ABE8C /* Inter-Medium.ttf */,
				469D90362C0DA41F000ABE8C /* Inter-Regular.ttf */,
				469D90322C0DA41F000ABE8C /* Inter-SemiBold.ttf */,
				469D90382C0DA41F000ABE8C /* Inter-Thin.ttf */,
			);
			path = Font;
			sourceTree = "<group>";
		};
		CB89CC542C16887900105C33 /* Recovered References */ = {
			isa = PBXGroup;
			children = (
				CB89CC552C168B3D00105C33 /* CircularViewController.swift */,
			);
			name = "Recovered References";
			sourceTree = "<group>";
		};
/* End PBXGroup section */

/* Begin PBXNativeTarget section */
		469D900A2C0D9E1B000ABE8C /* McCurrency */ = {
			isa = PBXNativeTarget;
			buildConfigurationList = 469D901F2C0D9E1D000ABE8C /* Build configuration list for PBXNativeTarget "McCurrency" */;
			buildPhases = (
				469D90072C0D9E1B000ABE8C /* Sources */,
				469D90082C0D9E1B000ABE8C /* Frameworks */,
				469D90092C0D9E1B000ABE8C /* Resources */,
			);
			buildRules = (
			);
			dependencies = (
			);
			name = McCurrency;
			productName = McCurrency;
			productReference = 469D900B2C0D9E1B000ABE8C /* McCurrency.app */;
			productType = "com.apple.product-type.application";
		};
/* End PBXNativeTarget section */

/* Begin PBXProject section */
		469D90032C0D9E1B000ABE8C /* Project object */ = {
			isa = PBXProject;
			attributes = {
				BuildIndependentTargetsInParallel = 1;
				LastSwiftUpdateCheck = 1540;
				LastUpgradeCheck = 1540;
				TargetAttributes = {
					469D900A2C0D9E1B000ABE8C = {
						CreatedOnToolsVersion = 15.4;
					};
				};
			};
			buildConfigurationList = 469D90062C0D9E1B000ABE8C /* Build configuration list for PBXProject "McCurrency" */;
			compatibilityVersion = "Xcode 14.0";
			developmentRegion = en;
			hasScannedForEncodings = 0;
			knownRegions = (
				en,
				Base,
			);
			mainGroup = 469D90022C0D9E1B000ABE8C;
			productRefGroup = 469D900C2C0D9E1B000ABE8C /* Products */;
			projectDirPath = "";
			projectRoot = "";
			targets = (
				469D900A2C0D9E1B000ABE8C /* McCurrency */,
			);
		};
/* End PBXProject section */

/* Begin PBXResourcesBuildPhase section */
		469D90092C0D9E1B000ABE8C /* Resources */ = {
			isa = PBXResourcesBuildPhase;
			buildActionMask = 2147483647;
			files = (
				469D90422C0DA41F000ABE8C /* Inter-Light.ttf in Resources */,
				469D903D2C0DA41F000ABE8C /* Inter-ExtraBold.ttf in Resources */,
				469D903B2C0DA41F000ABE8C /* Inter-SemiBold.ttf in Resources */,
				469D90412C0DA41F000ABE8C /* Inter-Thin.ttf in Resources */,
				469D90402C0DA41F000ABE8C /* Inter-Bold.ttf in Resources */,
				469D903E2C0DA41F000ABE8C /* Inter-Medium.ttf in Resources */,
				469D90432C0DA41F000ABE8C /* Inter-Black.ttf in Resources */,
				469D90182C0D9E1D000ABE8C /* Assets.xcassets in Resources */,
				469D901B2C0D9E1D000ABE8C /* Base in Resources */,
				469D903C2C0DA41F000ABE8C /* Inter-ExtraLight.ttf in Resources */,
				469D903F2C0DA41F000ABE8C /* Inter-Regular.ttf in Resources */,
			);
			runOnlyForDeploymentPostprocessing = 0;
		};
/* End PBXResourcesBuildPhase section */

/* Begin PBXSourcesBuildPhase section */
		469D90072C0D9E1B000ABE8C /* Sources */ = {
			isa = PBXSourcesBuildPhase;
			buildActionMask = 2147483647;
			files = (
				469D90452C0DAC02000ABE8C /* CurrencyService.swift in Sources */,
				469D902A2C0D9FED000ABE8C /* SecondViewController.swift in Sources */,
				469D902C2C0DA035000ABE8C /* Colors.swift in Sources */,
				469D90302C0DA049000ABE8C /* MainTabController.swift in Sources */,
				CB89CC582C168BDE00105C33 /* NumericMotionView.swift in Sources */,
				469D90282C0D9FE4000ABE8C /* FirstViewController.swift in Sources */,
				EBC678972C12BAE20015C300 /* McCounter_addedSearch.swift in Sources */,
				469D90472C0DAC10000ABE8C /* CurrencyModel.swift in Sources */,
				469D900F2C0D9E1B000ABE8C /* AppDelegate.swift in Sources */,
				CB89CC5C2C168F9F00105C33 /* CountryFlagView.swift in Sources */,
				EBC678952C12B84C0015C300 /* McRotator.swift in Sources */,
				EB320F762C0ED0BC009FF27D /* McCount.swift in Sources */,
				469D902E2C0DA03D000ABE8C /* Fonts.swift in Sources */,
				CB89CC5A2C168F5300105C33 /* CountryCellDelicate.swift in Sources */,
				469D90112C0D9E1B000ABE8C /* SceneDelegate.swift in Sources */,
				CB89CC562C168B3D00105C33 /* CircularViewController.swift in Sources */,
			);
			runOnlyForDeploymentPostprocessing = 0;
		};
/* End PBXSourcesBuildPhase section */

/* Begin PBXVariantGroup section */
		469D90192C0D9E1D000ABE8C /* LaunchScreen.storyboard */ = {
			isa = PBXVariantGroup;
			children = (
				469D901A2C0D9E1D000ABE8C /* Base */,
			);
			name = LaunchScreen.storyboard;
			sourceTree = "<group>";
		};
/* End PBXVariantGroup section */

/* Begin XCBuildConfiguration section */
		469D901D2C0D9E1D000ABE8C /* Debug */ = {
			isa = XCBuildConfiguration;
			buildSettings = {
				ALWAYS_SEARCH_USER_PATHS = NO;
				ASSETCATALOG_COMPILER_GENERATE_SWIFT_ASSET_SYMBOL_EXTENSIONS = YES;
				CLANG_ANALYZER_NONNULL = YES;
				CLANG_ANALYZER_NUMBER_OBJECT_CONVERSION = YES_AGGRESSIVE;
				CLANG_CXX_LANGUAGE_STANDARD = "gnu++20";
				CLANG_ENABLE_MODULES = YES;
				CLANG_ENABLE_OBJC_ARC = YES;
				CLANG_ENABLE_OBJC_WEAK = YES;
				CLANG_WARN_BLOCK_CAPTURE_AUTORELEASING = YES;
				CLANG_WARN_BOOL_CONVERSION = YES;
				CLANG_WARN_COMMA = YES;
				CLANG_WARN_CONSTANT_CONVERSION = YES;
				CLANG_WARN_DEPRECATED_OBJC_IMPLEMENTATIONS = YES;
				CLANG_WARN_DIRECT_OBJC_ISA_USAGE = YES_ERROR;
				CLANG_WARN_DOCUMENTATION_COMMENTS = YES;
				CLANG_WARN_EMPTY_BODY = YES;
				CLANG_WARN_ENUM_CONVERSION = YES;
				CLANG_WARN_INFINITE_RECURSION = YES;
				CLANG_WARN_INT_CONVERSION = YES;
				CLANG_WARN_NON_LITERAL_NULL_CONVERSION = YES;
				CLANG_WARN_OBJC_IMPLICIT_RETAIN_SELF = YES;
				CLANG_WARN_OBJC_LITERAL_CONVERSION = YES;
				CLANG_WARN_OBJC_ROOT_CLASS = YES_ERROR;
				CLANG_WARN_QUOTED_INCLUDE_IN_FRAMEWORK_HEADER = YES;
				CLANG_WARN_RANGE_LOOP_ANALYSIS = YES;
				CLANG_WARN_STRICT_PROTOTYPES = YES;
				CLANG_WARN_SUSPICIOUS_MOVE = YES;
				CLANG_WARN_UNGUARDED_AVAILABILITY = YES_AGGRESSIVE;
				CLANG_WARN_UNREACHABLE_CODE = YES;
				CLANG_WARN__DUPLICATE_METHOD_MATCH = YES;
				COPY_PHASE_STRIP = NO;
				DEBUG_INFORMATION_FORMAT = dwarf;
				ENABLE_STRICT_OBJC_MSGSEND = YES;
				ENABLE_TESTABILITY = YES;
				ENABLE_USER_SCRIPT_SANDBOXING = YES;
				GCC_C_LANGUAGE_STANDARD = gnu17;
				GCC_DYNAMIC_NO_PIC = NO;
				GCC_NO_COMMON_BLOCKS = YES;
				GCC_OPTIMIZATION_LEVEL = 0;
				GCC_PREPROCESSOR_DEFINITIONS = (
					"DEBUG=1",
					"$(inherited)",
				);
				GCC_WARN_64_TO_32_BIT_CONVERSION = YES;
				GCC_WARN_ABOUT_RETURN_TYPE = YES_ERROR;
				GCC_WARN_UNDECLARED_SELECTOR = YES;
				GCC_WARN_UNINITIALIZED_AUTOS = YES_AGGRESSIVE;
				GCC_WARN_UNUSED_FUNCTION = YES;
				GCC_WARN_UNUSED_VARIABLE = YES;
				IPHONEOS_DEPLOYMENT_TARGET = 17.5;
				LOCALIZATION_PREFERS_STRING_CATALOGS = YES;
				MTL_ENABLE_DEBUG_INFO = INCLUDE_SOURCE;
				MTL_FAST_MATH = YES;
				ONLY_ACTIVE_ARCH = YES;
				SDKROOT = iphoneos;
				SWIFT_ACTIVE_COMPILATION_CONDITIONS = "DEBUG $(inherited)";
				SWIFT_OPTIMIZATION_LEVEL = "-Onone";
			};
			name = Debug;
		};
		469D901E2C0D9E1D000ABE8C /* Release */ = {
			isa = XCBuildConfiguration;
			buildSettings = {
				ALWAYS_SEARCH_USER_PATHS = NO;
				ASSETCATALOG_COMPILER_GENERATE_SWIFT_ASSET_SYMBOL_EXTENSIONS = YES;
				CLANG_ANALYZER_NONNULL = YES;
				CLANG_ANALYZER_NUMBER_OBJECT_CONVERSION = YES_AGGRESSIVE;
				CLANG_CXX_LANGUAGE_STANDARD = "gnu++20";
				CLANG_ENABLE_MODULES = YES;
				CLANG_ENABLE_OBJC_ARC = YES;
				CLANG_ENABLE_OBJC_WEAK = YES;
				CLANG_WARN_BLOCK_CAPTURE_AUTORELEASING = YES;
				CLANG_WARN_BOOL_CONVERSION = YES;
				CLANG_WARN_COMMA = YES;
				CLANG_WARN_CONSTANT_CONVERSION = YES;
				CLANG_WARN_DEPRECATED_OBJC_IMPLEMENTATIONS = YES;
				CLANG_WARN_DIRECT_OBJC_ISA_USAGE = YES_ERROR;
				CLANG_WARN_DOCUMENTATION_COMMENTS = YES;
				CLANG_WARN_EMPTY_BODY = YES;
				CLANG_WARN_ENUM_CONVERSION = YES;
				CLANG_WARN_INFINITE_RECURSION = YES;
				CLANG_WARN_INT_CONVERSION = YES;
				CLANG_WARN_NON_LITERAL_NULL_CONVERSION = YES;
				CLANG_WARN_OBJC_IMPLICIT_RETAIN_SELF = YES;
				CLANG_WARN_OBJC_LITERAL_CONVERSION = YES;
				CLANG_WARN_OBJC_ROOT_CLASS = YES_ERROR;
				CLANG_WARN_QUOTED_INCLUDE_IN_FRAMEWORK_HEADER = YES;
				CLANG_WARN_RANGE_LOOP_ANALYSIS = YES;
				CLANG_WARN_STRICT_PROTOTYPES = YES;
				CLANG_WARN_SUSPICIOUS_MOVE = YES;
				CLANG_WARN_UNGUARDED_AVAILABILITY = YES_AGGRESSIVE;
				CLANG_WARN_UNREACHABLE_CODE = YES;
				CLANG_WARN__DUPLICATE_METHOD_MATCH = YES;
				COPY_PHASE_STRIP = NO;
				DEBUG_INFORMATION_FORMAT = "dwarf-with-dsym";
				ENABLE_NS_ASSERTIONS = NO;
				ENABLE_STRICT_OBJC_MSGSEND = YES;
				ENABLE_USER_SCRIPT_SANDBOXING = YES;
				GCC_C_LANGUAGE_STANDARD = gnu17;
				GCC_NO_COMMON_BLOCKS = YES;
				GCC_WARN_64_TO_32_BIT_CONVERSION = YES;
				GCC_WARN_ABOUT_RETURN_TYPE = YES_ERROR;
				GCC_WARN_UNDECLARED_SELECTOR = YES;
				GCC_WARN_UNINITIALIZED_AUTOS = YES_AGGRESSIVE;
				GCC_WARN_UNUSED_FUNCTION = YES;
				GCC_WARN_UNUSED_VARIABLE = YES;
				IPHONEOS_DEPLOYMENT_TARGET = 17.5;
				LOCALIZATION_PREFERS_STRING_CATALOGS = YES;
				MTL_ENABLE_DEBUG_INFO = NO;
				MTL_FAST_MATH = YES;
				SDKROOT = iphoneos;
				SWIFT_COMPILATION_MODE = wholemodule;
				VALIDATE_PRODUCT = YES;
			};
			name = Release;
		};
		469D90202C0D9E1D000ABE8C /* Debug */ = {
			isa = XCBuildConfiguration;
			buildSettings = {
				ASSETCATALOG_COMPILER_APPICON_NAME = AppIcon;
				ASSETCATALOG_COMPILER_GLOBAL_ACCENT_COLOR_NAME = AccentColor;
				CODE_SIGN_STYLE = Automatic;
				CURRENT_PROJECT_VERSION = 1;
				DEVELOPMENT_TEAM = 7K76RWRQBL;
				GENERATE_INFOPLIST_FILE = YES;
				INFOPLIST_FILE = McCurrency/Info.plist;
				INFOPLIST_KEY_UIApplicationSupportsIndirectInputEvents = YES;
				INFOPLIST_KEY_UILaunchStoryboardName = LaunchScreen;
				INFOPLIST_KEY_UISupportedInterfaceOrientations_iPad = "UIInterfaceOrientationPortrait UIInterfaceOrientationPortraitUpsideDown UIInterfaceOrientationLandscapeLeft UIInterfaceOrientationLandscapeRight";
				INFOPLIST_KEY_UISupportedInterfaceOrientations_iPhone = "UIInterfaceOrientationPortrait UIInterfaceOrientationLandscapeLeft UIInterfaceOrientationLandscapeRight";
				LD_RUNPATH_SEARCH_PATHS = (
					"$(inherited)",
					"@executable_path/Frameworks",
				);
				MARKETING_VERSION = 1.0;
				PRODUCT_BUNDLE_IDENTIFIER = com.jaeHyeonLim9298.McCurrency;
				PRODUCT_NAME = "$(TARGET_NAME)";
				SWIFT_EMIT_LOC_STRINGS = YES;
				SWIFT_VERSION = 5.0;
				TARGETED_DEVICE_FAMILY = "1,2";
			};
			name = Debug;
		};
		469D90212C0D9E1D000ABE8C /* Release */ = {
			isa = XCBuildConfiguration;
			buildSettings = {
				ASSETCATALOG_COMPILER_APPICON_NAME = AppIcon;
				ASSETCATALOG_COMPILER_GLOBAL_ACCENT_COLOR_NAME = AccentColor;
				CODE_SIGN_STYLE = Automatic;
				CURRENT_PROJECT_VERSION = 1;
				DEVELOPMENT_TEAM = 7K76RWRQBL;
				GENERATE_INFOPLIST_FILE = YES;
				INFOPLIST_FILE = McCurrency/Info.plist;
				INFOPLIST_KEY_UIApplicationSupportsIndirectInputEvents = YES;
				INFOPLIST_KEY_UILaunchStoryboardName = LaunchScreen;
				INFOPLIST_KEY_UISupportedInterfaceOrientations_iPad = "UIInterfaceOrientationPortrait UIInterfaceOrientationPortraitUpsideDown UIInterfaceOrientationLandscapeLeft UIInterfaceOrientationLandscapeRight";
				INFOPLIST_KEY_UISupportedInterfaceOrientations_iPhone = "UIInterfaceOrientationPortrait UIInterfaceOrientationLandscapeLeft UIInterfaceOrientationLandscapeRight";
				LD_RUNPATH_SEARCH_PATHS = (
					"$(inherited)",
					"@executable_path/Frameworks",
				);
				MARKETING_VERSION = 1.0;
				PRODUCT_BUNDLE_IDENTIFIER = com.jaeHyeonLim9298.McCurrency;
				PRODUCT_NAME = "$(TARGET_NAME)";
				SWIFT_EMIT_LOC_STRINGS = YES;
				SWIFT_VERSION = 5.0;
				TARGETED_DEVICE_FAMILY = "1,2";
			};
			name = Release;
		};
/* End XCBuildConfiguration section */

/* Begin XCConfigurationList section */
		469D90062C0D9E1B000ABE8C /* Build configuration list for PBXProject "McCurrency" */ = {
			isa = XCConfigurationList;
			buildConfigurations = (
				469D901D2C0D9E1D000ABE8C /* Debug */,
				469D901E2C0D9E1D000ABE8C /* Release */,
			);
			defaultConfigurationIsVisible = 0;
			defaultConfigurationName = Release;
		};
		469D901F2C0D9E1D000ABE8C /* Build configuration list for PBXNativeTarget "McCurrency" */ = {
			isa = XCConfigurationList;
			buildConfigurations = (
				469D90202C0D9E1D000ABE8C /* Debug */,
				469D90212C0D9E1D000ABE8C /* Release */,
			);
			defaultConfigurationIsVisible = 0;
			defaultConfigurationName = Release;
		};
/* End XCConfigurationList section */
	};
	rootObject = 469D90032C0D9E1B000ABE8C /* Project object */;
}
